
Microsoft Visual Studio Solution File, Format Version 12.00
# Visual Studio Version 17
VisualStudioVersion = 17.3.32819.101
MinimumVisualStudioVersion = 10.0.40219.1
Project("{FAE04EC0-301F-11D3-BF4B-00C04F79EFBC}") = "ObjectArray", "ObjectArray.csproj", "{D32892DB-FBA1-469F-9AD3-95948E02CEAF}"
EndProject
Global
	GlobalSection(SolutionConfigurationPlatforms) = preSolution
		Debug|Any CPU = Debug|Any CPU
		Release|Any CPU = Release|Any CPU
	EndGlobalSection
	GlobalSection(ProjectConfigurationPlatforms) = postSolution
		{D32892DB-FBA1-469F-9AD3-95948E02CEAF}.Debug|Any CPU.ActiveCfg = Debug|Any CPU
		{D32892DB-FBA1-469F-9AD3-95948E02CEAF}.Debug|Any CPU.Build.0 = Debug|Any CPU
		{D32892DB-FBA1-469F-9AD3-95948E02CEAF}.Release|Any CPU.ActiveCfg = Release|Any CPU
		{D32892DB-FBA1-469F-9AD3-95948E02CEAF}.Release|Any CPU.Build.0 = Release|Any CPU
	EndGlobalSection
	GlobalSection(SolutionProperties) = preSolution
		HideSolutionNode = FALSE
	EndGlobalSection
	GlobalSection(ExtensibilityGlobals) = postSolution
		SolutionGuid = {7881AF3F-8F5D-42D8-B654-F67E2421C99A}
	EndGlobalSection
EndGlobal
